
Microsoft Visual Studio Solution File, Format Version 12.00
# Visual Studio 14
VisualStudioVersion = 14.0.25420.1
MinimumVisualStudioVersion = 10.0.40219.1
Project("{8BC9CEB8-8B4A-11D0-8D11-00A0C91BC942}") = "Lib1", "Lib1\Lib1.vcxproj", "{263DB6C4-7E86-4C09-B3F4-10C2DE37C404}"
EndProject
Project("{8BC9CEB8-8B4A-11D0-8D11-00A0C91BC942}") = "UsingLib", "UsingLib\UsingLib.vcxproj", "{FCD90D18-D929-4F9D-BB08-D98151F210A6}"
EndProject
Global
	GlobalSection(SolutionConfigurationPlatforms) = preSolution
		Debug|x64 = Debug|x64
		Debug|x86 = Debug|x86
		Release|x64 = Release|x64
		Release|x86 = Release|x86
	EndGlobalSection
	GlobalSection(ProjectConfigurationPlatforms) = postSolution
		{263DB6C4-7E86-4C09-B3F4-10C2DE37C404}.Debug|x64.ActiveCfg = Debug|x64
		{263DB6C4-7E86-4C09-B3F4-10C2DE37C404}.Debug|x64.Build.0 = Debug|x64
		{263DB6C4-7E86-4C09-B3F4-10C2DE37C404}.Debug|x86.ActiveCfg = Debug|Win32
		{263DB6C4-7E86-4C09-B3F4-10C2DE37C404}.Debug|x86.Build.0 = Debug|Win32
		{263DB6C4-7E86-4C09-B3F4-10C2DE37C404}.Release|x64.ActiveCfg = Release|x64
		{263DB6C4-7E86-4C09-B3F4-10C2DE37C404}.Release|x64.Build.0 = Release|x64
		{263DB6C4-7E86-4C09-B3F4-10C2DE37C404}.Release|x86.ActiveCfg = Release|Win32
		{263DB6C4-7E86-4C09-B3F4-10C2DE37C404}.Release|x86.Build.0 = Release|Win32
		{FCD90D18-D929-4F9D-BB08-D98151F210A6}.Debug|x64.ActiveCfg = Debug|x64
		{FCD90D18-D929-4F9D-BB08-D98151F210A6}.Debug|x64.Build.0 = Debug|x64
		{FCD90D18-D929-4F9D-BB08-D98151F210A6}.Debug|x86.ActiveCfg = Debug|Win32
		{FCD90D18-D929-4F9D-BB08-D98151F210A6}.Debug|x86.Build.0 = Debug|Win32
		{FCD90D18-D929-4F9D-BB08-D98151F210A6}.Release|x64.ActiveCfg = Release|x64
		{FCD90D18-D929-4F9D-BB08-D98151F210A6}.Release|x64.Build.0 = Release|x64
		{FCD90D18-D929-4F9D-BB08-D98151F210A6}.Release|x86.ActiveCfg = Release|Win32
		{FCD90D18-D929-4F9D-BB08-D98151F210A6}.Release|x86.Build.0 = Release|Win32
	EndGlobalSection
	GlobalSection(SolutionProperties) = preSolution
		HideSolutionNode = FALSE
	EndGlobalSection
EndGlobal
